// !$*UTF8*$!
{
	archiveVersion = 1;
	classes = {
	};
	objectVersion = 56;
	objects = {

/* Begin PBXBuildFile section */
		10357C792BE772B600CB5A1F /* What_sNewsApp.swift in Sources */ = {isa = PBXBuildFile; fileRef = 10357C782BE772B600CB5A1F /* What_sNewsApp.swift */; };
		10357C7B2BE772B600CB5A1F /* ContentView.swift in Sources */ = {isa = PBXBuildFile; fileRef = 10357C7A2BE772B600CB5A1F /* ContentView.swift */; };
		10357C7D2BE772B800CB5A1F /* Assets.xcassets in Resources */ = {isa = PBXBuildFile; fileRef = 10357C7C2BE772B800CB5A1F /* Assets.xcassets */; };
		10357C802BE772B800CB5A1F /* Preview Assets.xcassets in Resources */ = {isa = PBXBuildFile; fileRef = 10357C7F2BE772B800CB5A1F /* Preview Assets.xcassets */; };
/* End PBXBuildFile section */

/* Begin PBXContainerItemProxy section */
		10357C862BE772B900CB5A1F /* PBXContainerItemProxy */ = {
			isa = PBXContainerItemProxy;
			containerPortal = 10357C6D2BE772B600CB5A1F /* Project object */;
			proxyType = 1;
			remoteGlobalIDString = 10357C742BE772B600CB5A1F;
			remoteInfo = "What'sNews";
		};
		10357C902BE772B900CB5A1F /* PBXContainerItemProxy */ = {
			isa = PBXContainerItemProxy;
			containerPortal = 10357C6D2BE772B600CB5A1F /* Project object */;
			proxyType = 1;
			remoteGlobalIDString = 10357C742BE772B600CB5A1F;
			remoteInfo = "What'sNews";
		};
/* End PBXContainerItemProxy section */

/* Begin PBXFileReference section */
		10357C752BE772B600CB5A1F /* What'sNews.app */ = {isa = PBXFileReference; explicitFileType = wrapper.application; includeInIndex = 0; path = "What'sNews.app"; sourceTree = BUILT_PRODUCTS_DIR; };
		10357C782BE772B600CB5A1F /* What_sNewsApp.swift */ = {isa = PBXFileReference; lastKnownFileType = sourcecode.swift; path = What_sNewsApp.swift; sourceTree = "<group>"; };
		10357C7A2BE772B600CB5A1F /* ContentView.swift */ = {isa = PBXFileReference; lastKnownFileType = sourcecode.swift; path = ContentView.swift; sourceTree = "<group>"; };
		10357C7C2BE772B800CB5A1F /* Assets.xcassets */ = {isa = PBXFileReference; lastKnownFileType = folder.assetcatalog; path = Assets.xcassets; sourceTree = "<group>"; };
		10357C7F2BE772B800CB5A1F /* Preview Assets.xcassets */ = {isa = PBXFileReference; lastKnownFileType = folder.assetcatalog; path = "Preview Assets.xcassets"; sourceTree = "<group>"; };
		10357C852BE772B900CB5A1F /* What'sNewsTests.xctest */ = {isa = PBXFileReference; explicitFileType = wrapper.cfbundle; includeInIndex = 0; path = "What'sNewsTests.xctest"; sourceTree = BUILT_PRODUCTS_DIR; };
		10357C8F2BE772B900CB5A1F /* What'sNewsUITests.xctest */ = {isa = PBXFileReference; explicitFileType = wrapper.cfbundle; includeInIndex = 0; path = "What'sNewsUITests.xctest"; sourceTree = BUILT_PRODUCTS_DIR; };
/* End PBXFileReference section */

/* Begin PBXFrameworksBuildPhase section */
		10357C722BE772B600CB5A1F /* Frameworks */ = {
			isa = PBXFrameworksBuildPhase;
			buildActionMask = 2147483647;
			files = (
			);
			runOnlyForDeploymentPostprocessing = 0;
		};
		10357C822BE772B900CB5A1F /* Frameworks */ = {
			isa = PBXFrameworksBuildPhase;
			buildActionMask = 2147483647;
			files = (
			);
			runOnlyForDeploymentPostprocessing = 0;
		};
		10357C8C2BE772B900CB5A1F /* Frameworks */ = {
			isa = PBXFrameworksBuildPhase;
			buildActionMask = 2147483647;
			files = (
			);
			runOnlyForDeploymentPostprocessing = 0;
		};
/* End PBXFrameworksBuildPhase section */

/* Begin PBXGroup section */
		10357C6C2BE772B600CB5A1F = {
			isa = PBXGroup;
			children = (
				10357C772BE772B600CB5A1F /* What'sNews */,
				10357C762BE772B600CB5A1F /* Products */,
			);
			sourceTree = "<group>";
		};
		10357C762BE772B600CB5A1F /* Products */ = {
			isa = PBXGroup;
			children = (
				10357C752BE772B600CB5A1F /* What'sNews.app */,
				10357C852BE772B900CB5A1F /* What'sNewsTests.xctest */,
				10357C8F2BE772B900CB5A1F /* What'sNewsUITests.xctest */,
			);
			name = Products;
			sourceTree = "<group>";
		};
		10357C772BE772B600CB5A1F /* What'sNews */ = {
			isa = PBXGroup;
			children = (
				10357CE42BE7755300CB5A1F /* Utils */,
				10357CE32BE7754B00CB5A1F /* Service */,
				10357CE22BE7754500CB5A1F /* Model */,
				10357CE12BE774CF00CB5A1F /* Core */,
				10357CD92BE7748700CB5A1F /* App */,
				10357C7A2BE772B600CB5A1F /* ContentView.swift */,
				10357C7C2BE772B800CB5A1F /* Assets.xcassets */,
				10357C7E2BE772B800CB5A1F /* Preview Content */,
			);
			path = "What'sNews";
			sourceTree = "<group>";
		};
		10357C7E2BE772B800CB5A1F /* Preview Content */ = {
			isa = PBXGroup;
			children = (
				10357C7F2BE772B800CB5A1F /* Preview Assets.xcassets */,
			);
			path = "Preview Content";
			sourceTree = "<group>";
		};
		10357CD82BE7747000CB5A1F /* Core */ = {
			isa = PBXGroup;
			children = (
			);
			path = Core;
			sourceTree = "<group>";
		};
		10357CD92BE7748700CB5A1F /* App */ = {
			isa = PBXGroup;
			children = (
				10357C782BE772B600CB5A1F /* What_sNewsApp.swift */,
			);
			path = App;
			sourceTree = "<group>";
		};
		10357CDB2BE774B400CB5A1F /* New Group */ = {
			isa = PBXGroup;
			children = (
			);
			path = "New Group";
			sourceTree = "<group>";
		};
		10357CDC2BE774BB00CB5A1F /* New Group1 */ = {
			isa = PBXGroup;
			children = (
			);
			path = "New Group1";
			sourceTree = "<group>";
		};
		10357CDD2BE774C400CB5A1F /* New Group2 */ = {
			isa = PBXGroup;
			children = (
			);
			path = "New Group2";
			sourceTree = "<group>";
		};
		10357CDE2BE774C700CB5A1F /* New Group3 */ = {
			isa = PBXGroup;
			children = (
			);
			path = "New Group3";
			sourceTree = "<group>";
		};
		10357CDF2BE774CA00CB5A1F /* New Group4 */ = {
			isa = PBXGroup;
			children = (
			);
			path = "New Group4";
			sourceTree = "<group>";
		};
		10357CE02BE774CC00CB5A1F /* New Group5 */ = {
			isa = PBXGroup;
			children = (
			);
			path = "New Group5";
			sourceTree = "<group>";
		};
		10357CE12BE774CF00CB5A1F /* Core */ = {
			isa = PBXGroup;
			children = (
				10357CDB2BE774B400CB5A1F /* New Group */,
				10357CDC2BE774BB00CB5A1F /* New Group1 */,
				10357CDD2BE774C400CB5A1F /* New Group2 */,
				10357CDE2BE774C700CB5A1F /* New Group3 */,
				10357CDF2BE774CA00CB5A1F /* New Group4 */,
				10357CE02BE774CC00CB5A1F /* New Group5 */,
				10357CD82BE7747000CB5A1F /* Core */,
			);
			path = Core;
			sourceTree = "<group>";
		};
		10357CE22BE7754500CB5A1F /* Model */ = {
			isa = PBXGroup;
			children = (
			);
			path = Model;
			sourceTree = "<group>";
		};
		10357CE32BE7754B00CB5A1F /* Service */ = {
			isa = PBXGroup;
			children = (
			);
			path = Service;
			sourceTree = "<group>";
		};
		10357CE42BE7755300CB5A1F /* Utils */ = {
			isa = PBXGroup;
			children = (
			);
			path = Utils;
			sourceTree = "<group>";
		};
/* End PBXGroup section */

/* Begin PBXNativeTarget section */
		10357C742BE772B600CB5A1F /* What'sNews */ = {
			isa = PBXNativeTarget;
			buildConfigurationList = 10357C992BE772B900CB5A1F /* Build configuration list for PBXNativeTarget "What'sNews" */;
			buildPhases = (
				10357C712BE772B600CB5A1F /* Sources */,
				10357C722BE772B600CB5A1F /* Frameworks */,
				10357C732BE772B600CB5A1F /* Resources */,
			);
			buildRules = (
			);
			dependencies = (
			);
			name = "What'sNews";
			productName = "What'sNews";
			productReference = 10357C752BE772B600CB5A1F /* What'sNews.app */;
			productType = "com.apple.product-type.application";
		};
		10357C842BE772B900CB5A1F /* What'sNewsTests */ = {
			isa = PBXNativeTarget;
			buildConfigurationList = 10357C9C2BE772B900CB5A1F /* Build configuration list for PBXNativeTarget "What'sNewsTests" */;
			buildPhases = (
				10357C812BE772B900CB5A1F /* Sources */,
				10357C822BE772B900CB5A1F /* Frameworks */,
				10357C832BE772B900CB5A1F /* Resources */,
			);
			buildRules = (
			);
			dependencies = (
				10357C872BE772B900CB5A1F /* PBXTargetDependency */,
			);
			name = "What'sNewsTests";
			productName = "What'sNewsTests";
			productReference = 10357C852BE772B900CB5A1F /* What'sNewsTests.xctest */;
			productType = "com.apple.product-type.bundle.unit-test";
		};
		10357C8E2BE772B900CB5A1F /* What'sNewsUITests */ = {
			isa = PBXNativeTarget;
			buildConfigurationList = 10357C9F2BE772B900CB5A1F /* Build configuration list for PBXNativeTarget "What'sNewsUITests" */;
			buildPhases = (
				10357C8B2BE772B900CB5A1F /* Sources */,
				10357C8C2BE772B900CB5A1F /* Frameworks */,
				10357C8D2BE772B900CB5A1F /* Resources */,
			);
			buildRules = (
			);
			dependencies = (
				10357C912BE772B900CB5A1F /* PBXTargetDependency */,
			);
			name = "What'sNewsUITests";
			productName = "What'sNewsUITests";
			productReference = 10357C8F2BE772B900CB5A1F /* What'sNewsUITests.xctest */;
			productType = "com.apple.product-type.bundle.ui-testing";
		};
/* End PBXNativeTarget section */

/* Begin PBXProject section */
		10357C6D2BE772B600CB5A1F /* Project object */ = {
			isa = PBXProject;
			attributes = {
				BuildIndependentTargetsInParallel = 1;
				LastSwiftUpdateCheck = 1530;
				LastUpgradeCheck = 1530;
				TargetAttributes = {
					10357C742BE772B600CB5A1F = {
						CreatedOnToolsVersion = 15.3;
					};
					10357C842BE772B900CB5A1F = {
						CreatedOnToolsVersion = 15.3;
						TestTargetID = 10357C742BE772B600CB5A1F;
					};
					10357C8E2BE772B900CB5A1F = {
						CreatedOnToolsVersion = 15.3;
						TestTargetID = 10357C742BE772B600CB5A1F;
					};
				};
			};
			buildConfigurationList = 10357C702BE772B600CB5A1F /* Build configuration list for PBXProject "What'sNews" */;
			compatibilityVersion = "Xcode 14.0";
			developmentRegion = en;
			hasScannedForEncodings = 0;
			knownRegions = (
				en,
				Base,
			);
			mainGroup = 10357C6C2BE772B600CB5A1F;
			productRefGroup = 10357C762BE772B600CB5A1F /* Products */;
			projectDirPath = "";
			projectRoot = "";
			targets = (
				10357C742BE772B600CB5A1F /* What'sNews */,
				10357C842BE772B900CB5A1F /* What'sNewsTests */,
				10357C8E2BE772B900CB5A1F /* What'sNewsUITests */,
			);
		};
/* End PBXProject section */

/* Begin PBXResourcesBuildPhase section */
		10357C732BE772B600CB5A1F /* Resources */ = {
			isa = PBXResourcesBuildPhase;
			buildActionMask = 2147483647;
			files = (
				10357C802BE772B800CB5A1F /* Preview Assets.xcassets in Resources */,
				10357C7D2BE772B800CB5A1F /* Assets.xcassets in Resources */,
			);
			runOnlyForDeploymentPostprocessing = 0;
		};
		10357C832BE772B900CB5A1F /* Resources */ = {
			isa = PBXResourcesBuildPhase;
			buildActionMask = 2147483647;
			files = (
			);
			runOnlyForDeploymentPostprocessing = 0;
		};
		10357C8D2BE772B900CB5A1F /* Resources */ = {
			isa = PBXResourcesBuildPhase;
			buildActionMask = 2147483647;
			files = (
			);
			runOnlyForDeploymentPostprocessing = 0;
		};
/* End PBXResourcesBuildPhase section */

/* Begin PBXSourcesBuildPhase section */
		10357C712BE772B600CB5A1F /* Sources */ = {
			isa = PBXSourcesBuildPhase;
			buildActionMask = 2147483647;
			files = (
				10357C7B2BE772B600CB5A1F /* ContentView.swift in Sources */,
				10357C792BE772B600CB5A1F /* What_sNewsApp.swift in Sources */,
			);
			runOnlyForDeploymentPostprocessing = 0;
		};
		10357C812BE772B900CB5A1F /* Sources */ = {
			isa = PBXSourcesBuildPhase;
			buildActionMask = 2147483647;
			files = (
			);
			runOnlyForDeploymentPostprocessing = 0;
		};
		10357C8B2BE772B900CB5A1F /* Sources */ = {
			isa = PBXSourcesBuildPhase;
			buildActionMask = 2147483647;
			files = (
			);
			runOnlyForDeploymentPostprocessing = 0;
		};
/* End PBXSourcesBuildPhase section */

/* Begin PBXTargetDependency section */
		10357C872BE772B900CB5A1F /* PBXTargetDependency */ = {
			isa = PBXTargetDependency;
			target = 10357C742BE772B600CB5A1F /* What'sNews */;
			targetProxy = 10357C862BE772B900CB5A1F /* PBXContainerItemProxy */;
		};
		10357C912BE772B900CB5A1F /* PBXTargetDependency */ = {
			isa = PBXTargetDependency;
			target = 10357C742BE772B600CB5A1F /* What'sNews */;
			targetProxy = 10357C902BE772B900CB5A1F /* PBXContainerItemProxy */;
		};
/* End PBXTargetDependency section */

/* Begin XCBuildConfiguration section */
		10357C972BE772B900CB5A1F /* Debug */ = {
			isa = XCBuildConfiguration;
			buildSettings = {
				ALWAYS_SEARCH_USER_PATHS = NO;
				ASSETCATALOG_COMPILER_GENERATE_SWIFT_ASSET_SYMBOL_EXTENSIONS = YES;
				CLANG_ANALYZER_NONNULL = YES;
				CLANG_ANALYZER_NUMBER_OBJECT_CONVERSION = YES_AGGRESSIVE;
				CLANG_CXX_LANGUAGE_STANDARD = "gnu++20";
				CLANG_ENABLE_MODULES = YES;
				CLANG_ENABLE_OBJC_ARC = YES;
				CLANG_ENABLE_OBJC_WEAK = YES;
				CLANG_WARN_BLOCK_CAPTURE_AUTORELEASING = YES;
				CLANG_WARN_BOOL_CONVERSION = YES;
				CLANG_WARN_COMMA = YES;
				CLANG_WARN_CONSTANT_CONVERSION = YES;
				CLANG_WARN_DEPRECATED_OBJC_IMPLEMENTATIONS = YES;
				CLANG_WARN_DIRECT_OBJC_ISA_USAGE = YES_ERROR;
				CLANG_WARN_DOCUMENTATION_COMMENTS = YES;
				CLANG_WARN_EMPTY_BODY = YES;
				CLANG_WARN_ENUM_CONVERSION = YES;
				CLANG_WARN_INFINITE_RECURSION = YES;
				CLANG_WARN_INT_CONVERSION = YES;
				CLANG_WARN_NON_LITERAL_NULL_CONVERSION = YES;
				CLANG_WARN_OBJC_IMPLICIT_RETAIN_SELF = YES;
				CLANG_WARN_OBJC_LITERAL_CONVERSION = YES;
				CLANG_WARN_OBJC_ROOT_CLASS = YES_ERROR;
				CLANG_WARN_QUOTED_INCLUDE_IN_FRAMEWORK_HEADER = YES;
				CLANG_WARN_RANGE_LOOP_ANALYSIS = YES;
				CLANG_WARN_STRICT_PROTOTYPES = YES;
				CLANG_WARN_SUSPICIOUS_MOVE = YES;
				CLANG_WARN_UNGUARDED_AVAILABILITY = YES_AGGRESSIVE;
				CLANG_WARN_UNREACHABLE_CODE = YES;
				CLANG_WARN__DUPLICATE_METHOD_MATCH = YES;
				COPY_PHASE_STRIP = NO;
				DEBUG_INFORMATION_FORMAT = dwarf;
				ENABLE_STRICT_OBJC_MSGSEND = YES;
				ENABLE_TESTABILITY = YES;
				ENABLE_USER_SCRIPT_SANDBOXING = YES;
				GCC_C_LANGUAGE_STANDARD = gnu17;
				GCC_DYNAMIC_NO_PIC = NO;
				GCC_NO_COMMON_BLOCKS = YES;
				GCC_OPTIMIZATION_LEVEL = 0;
				GCC_PREPROCESSOR_DEFINITIONS = (
					"DEBUG=1",
					"$(inherited)",
				);
				GCC_WARN_64_TO_32_BIT_CONVERSION = YES;
				GCC_WARN_ABOUT_RETURN_TYPE = YES_ERROR;
				GCC_WARN_UNDECLARED_SELECTOR = YES;
				GCC_WARN_UNINITIALIZED_AUTOS = YES_AGGRESSIVE;
				GCC_WARN_UNUSED_FUNCTION = YES;
				GCC_WARN_UNUSED_VARIABLE = YES;
				IPHONEOS_DEPLOYMENT_TARGET = 17.4;
				LOCALIZATION_PREFERS_STRING_CATALOGS = YES;
				MTL_ENABLE_DEBUG_INFO = INCLUDE_SOURCE;
				MTL_FAST_MATH = YES;
				ONLY_ACTIVE_ARCH = YES;
				SDKROOT = iphoneos;
				SWIFT_ACTIVE_COMPILATION_CONDITIONS = "DEBUG $(inherited)";
				SWIFT_OPTIMIZATION_LEVEL = "-Onone";
			};
			name = Debug;
		};
		10357C982BE772B900CB5A1F /* Release */ = {
			isa = XCBuildConfiguration;
			buildSettings = {
				ALWAYS_SEARCH_USER_PATHS = NO;
				ASSETCATALOG_COMPILER_GENERATE_SWIFT_ASSET_SYMBOL_EXTENSIONS = YES;
				CLANG_ANALYZER_NONNULL = YES;
				CLANG_ANALYZER_NUMBER_OBJECT_CONVERSION = YES_AGGRESSIVE;
				CLANG_CXX_LANGUAGE_STANDARD = "gnu++20";
				CLANG_ENABLE_MODULES = YES;
				CLANG_ENABLE_OBJC_ARC = YES;
				CLANG_ENABLE_OBJC_WEAK = YES;
				CLANG_WARN_BLOCK_CAPTURE_AUTORELEASING = YES;
				CLANG_WARN_BOOL_CONVERSION = YES;
				CLANG_WARN_COMMA = YES;
				CLANG_WARN_CONSTANT_CONVERSION = YES;
				CLANG_WARN_DEPRECATED_OBJC_IMPLEMENTATIONS = YES;
				CLANG_WARN_DIRECT_OBJC_ISA_USAGE = YES_ERROR;
				CLANG_WARN_DOCUMENTATION_COMMENTS = YES;
				CLANG_WARN_EMPTY_BODY = YES;
				CLANG_WARN_ENUM_CONVERSION = YES;
				CLANG_WARN_INFINITE_RECURSION = YES;
				CLANG_WARN_INT_CONVERSION = YES;
				CLANG_WARN_NON_LITERAL_NULL_CONVERSION = YES;
				CLANG_WARN_OBJC_IMPLICIT_RETAIN_SELF = YES;
				CLANG_WARN_OBJC_LITERAL_CONVERSION = YES;
				CLANG_WARN_OBJC_ROOT_CLASS = YES_ERROR;
				CLANG_WARN_QUOTED_INCLUDE_IN_FRAMEWORK_HEADER = YES;
				CLANG_WARN_RANGE_LOOP_ANALYSIS = YES;
				CLANG_WARN_STRICT_PROTOTYPES = YES;
				CLANG_WARN_SUSPICIOUS_MOVE = YES;
				CLANG_WARN_UNGUARDED_AVAILABILITY = YES_AGGRESSIVE;
				CLANG_WARN_UNREACHABLE_CODE = YES;
				CLANG_WARN__DUPLICATE_METHOD_MATCH = YES;
				COPY_PHASE_STRIP = NO;
				DEBUG_INFORMATION_FORMAT = "dwarf-with-dsym";
				ENABLE_NS_ASSERTIONS = NO;
				ENABLE_STRICT_OBJC_MSGSEND = YES;
				ENABLE_USER_SCRIPT_SANDBOXING = YES;
				GCC_C_LANGUAGE_STANDARD = gnu17;
				GCC_NO_COMMON_BLOCKS = YES;
				GCC_WARN_64_TO_32_BIT_CONVERSION = YES;
				GCC_WARN_ABOUT_RETURN_TYPE = YES_ERROR;
				GCC_WARN_UNDECLARED_SELECTOR = YES;
				GCC_WARN_UNINITIALIZED_AUTOS = YES_AGGRESSIVE;
				GCC_WARN_UNUSED_FUNCTION = YES;
				GCC_WARN_UNUSED_VARIABLE = YES;
				IPHONEOS_DEPLOYMENT_TARGET = 17.4;
				LOCALIZATION_PREFERS_STRING_CATALOGS = YES;
				MTL_ENABLE_DEBUG_INFO = NO;
				MTL_FAST_MATH = YES;
				SDKROOT = iphoneos;
				SWIFT_COMPILATION_MODE = wholemodule;
				VALIDATE_PRODUCT = YES;
			};
			name = Release;
		};
		10357C9A2BE772B900CB5A1F /* Debug */ = {
			isa = XCBuildConfiguration;
			buildSettings = {
				ASSETCATALOG_COMPILER_APPICON_NAME = AppIcon;
				ASSETCATALOG_COMPILER_GLOBAL_ACCENT_COLOR_NAME = AccentColor;
				CODE_SIGN_STYLE = Automatic;
				CURRENT_PROJECT_VERSION = 1;
				DEVELOPMENT_ASSET_PATHS = "\"What'sNews/Preview Content\"";
				ENABLE_PREVIEWS = YES;
				GENERATE_INFOPLIST_FILE = YES;
				INFOPLIST_KEY_UIApplicationSceneManifest_Generation = YES;
				INFOPLIST_KEY_UIApplicationSupportsIndirectInputEvents = YES;
				INFOPLIST_KEY_UILaunchScreen_Generation = YES;
				INFOPLIST_KEY_UISupportedInterfaceOrientations_iPad = "UIInterfaceOrientationPortrait UIInterfaceOrientationPortraitUpsideDown UIInterfaceOrientationLandscapeLeft UIInterfaceOrientationLandscapeRight";
				INFOPLIST_KEY_UISupportedInterfaceOrientations_iPhone = "UIInterfaceOrientationPortrait UIInterfaceOrientationLandscapeLeft UIInterfaceOrientationLandscapeRight";
				LD_RUNPATH_SEARCH_PATHS = (
					"$(inherited)",
					"@executable_path/Frameworks",
				);
				MARKETING_VERSION = 1.0;
				PRODUCT_BUNDLE_IDENTIFIER = "w1795554-westminster.ac.uk.What-sNews";
				PRODUCT_NAME = "$(TARGET_NAME)";
				SWIFT_EMIT_LOC_STRINGS = YES;
				SWIFT_VERSION = 5.0;
				TARGETED_DEVICE_FAMILY = "1,2";
			};
			name = Debug;
		};
		10357C9B2BE772B900CB5A1F /* Release */ = {
			isa = XCBuildConfiguration;
			buildSettings = {
				ASSETCATALOG_COMPILER_APPICON_NAME = AppIcon;
				ASSETCATALOG_COMPILER_GLOBAL_ACCENT_COLOR_NAME = AccentColor;
				CODE_SIGN_STYLE = Automatic;
				CURRENT_PROJECT_VERSION = 1;
				DEVELOPMENT_ASSET_PATHS = "\"What'sNews/Preview Content\"";
				ENABLE_PREVIEWS = YES;
				GENERATE_INFOPLIST_FILE = YES;
				INFOPLIST_KEY_UIApplicationSceneManifest_Generation = YES;
				INFOPLIST_KEY_UIApplicationSupportsIndirectInputEvents = YES;
				INFOPLIST_KEY_UILaunchScreen_Generation = YES;
				INFOPLIST_KEY_UISupportedInterfaceOrientations_iPad = "UIInterfaceOrientationPortrait UIInterfaceOrientationPortraitUpsideDown UIInterfaceOrientationLandscapeLeft UIInterfaceOrientationLandscapeRight";
				INFOPLIST_KEY_UISupportedInterfaceOrientations_iPhone = "UIInterfaceOrientationPortrait UIInterfaceOrientationLandscapeLeft UIInterfaceOrientationLandscapeRight";
				LD_RUNPATH_SEARCH_PATHS = (
					"$(inherited)",
					"@executable_path/Frameworks",
				);
				MARKETING_VERSION = 1.0;
				PRODUCT_BUNDLE_IDENTIFIER = "w1795554-westminster.ac.uk.What-sNews";
				PRODUCT_NAME = "$(TARGET_NAME)";
				SWIFT_EMIT_LOC_STRINGS = YES;
				SWIFT_VERSION = 5.0;
				TARGETED_DEVICE_FAMILY = "1,2";
			};
			name = Release;
		};
		10357C9D2BE772B900CB5A1F /* Debug */ = {
			isa = XCBuildConfiguration;
			buildSettings = {
				ALWAYS_EMBED_SWIFT_STANDARD_LIBRARIES = YES;
				BUNDLE_LOADER = "$(TEST_HOST)";
				CODE_SIGN_STYLE = Automatic;
				CURRENT_PROJECT_VERSION = 1;
				GENERATE_INFOPLIST_FILE = YES;
				IPHONEOS_DEPLOYMENT_TARGET = 17.4;
				MARKETING_VERSION = 1.0;
				PRODUCT_BUNDLE_IDENTIFIER = "w1795554-westminster.ac.uk.What-sNewsTests";
				PRODUCT_NAME = "$(TARGET_NAME)";
				SWIFT_EMIT_LOC_STRINGS = NO;
				SWIFT_VERSION = 5.0;
				TARGETED_DEVICE_FAMILY = "1,2";
				TEST_HOST = "$(BUILT_PRODUCTS_DIR)/What'sNews.app/$(BUNDLE_EXECUTABLE_FOLDER_PATH)/What'sNews";
			};
			name = Debug;
		};
		10357C9E2BE772B900CB5A1F /* Release */ = {
			isa = XCBuildConfiguration;
			buildSettings = {
				ALWAYS_EMBED_SWIFT_STANDARD_LIBRARIES = YES;
				BUNDLE_LOADER = "$(TEST_HOST)";
				CODE_SIGN_STYLE = Automatic;
				CURRENT_PROJECT_VERSION = 1;
				GENERATE_INFOPLIST_FILE = YES;
				IPHONEOS_DEPLOYMENT_TARGET = 17.4;
				MARKETING_VERSION = 1.0;
				PRODUCT_BUNDLE_IDENTIFIER = "w1795554-westminster.ac.uk.What-sNewsTests";
				PRODUCT_NAME = "$(TARGET_NAME)";
				SWIFT_EMIT_LOC_STRINGS = NO;
				SWIFT_VERSION = 5.0;
				TARGETED_DEVICE_FAMILY = "1,2";
				TEST_HOST = "$(BUILT_PRODUCTS_DIR)/What'sNews.app/$(BUNDLE_EXECUTABLE_FOLDER_PATH)/What'sNews";
			};
			name = Release;
		};
		10357CA02BE772B900CB5A1F /* Debug */ = {
			isa = XCBuildConfiguration;
			buildSettings = {
				ALWAYS_EMBED_SWIFT_STANDARD_LIBRARIES = YES;
				CODE_SIGN_STYLE = Automatic;
				CURRENT_PROJECT_VERSION = 1;
				GENERATE_INFOPLIST_FILE = YES;
				MARKETING_VERSION = 1.0;
				PRODUCT_BUNDLE_IDENTIFIER = "w1795554-westminster.ac.uk.What-sNewsUITests";
				PRODUCT_NAME = "$(TARGET_NAME)";
				SWIFT_EMIT_LOC_STRINGS = NO;
				SWIFT_VERSION = 5.0;
				TARGETED_DEVICE_FAMILY = "1,2";
				TEST_TARGET_NAME = "What'sNews";
			};
			name = Debug;
		};
		10357CA12BE772B900CB5A1F /* Release */ = {
			isa = XCBuildConfiguration;
			buildSettings = {
				ALWAYS_EMBED_SWIFT_STANDARD_LIBRARIES = YES;
				CODE_SIGN_STYLE = Automatic;
				CURRENT_PROJECT_VERSION = 1;
				GENERATE_INFOPLIST_FILE = YES;
				MARKETING_VERSION = 1.0;
				PRODUCT_BUNDLE_IDENTIFIER = "w1795554-westminster.ac.uk.What-sNewsUITests";
				PRODUCT_NAME = "$(TARGET_NAME)";
				SWIFT_EMIT_LOC_STRINGS = NO;
				SWIFT_VERSION = 5.0;
				TARGETED_DEVICE_FAMILY = "1,2";
				TEST_TARGET_NAME = "What'sNews";
			};
			name = Release;
		};
/* End XCBuildConfiguration section */

/* Begin XCConfigurationList section */
		10357C702BE772B600CB5A1F /* Build configuration list for PBXProject "What'sNews" */ = {
			isa = XCConfigurationList;
			buildConfigurations = (
				10357C972BE772B900CB5A1F /* Debug */,
				10357C982BE772B900CB5A1F /* Release */,
			);
			defaultConfigurationIsVisible = 0;
			defaultConfigurationName = Release;
		};
		10357C992BE772B900CB5A1F /* Build configuration list for PBXNativeTarget "What'sNews" */ = {
			isa = XCConfigurationList;
			buildConfigurations = (
				10357C9A2BE772B900CB5A1F /* Debug */,
				10357C9B2BE772B900CB5A1F /* Release */,
			);
			defaultConfigurationIsVisible = 0;
			defaultConfigurationName = Release;
		};
		10357C9C2BE772B900CB5A1F /* Build configuration list for PBXNativeTarget "What'sNewsTests" */ = {
			isa = XCConfigurationList;
			buildConfigurations = (
				10357C9D2BE772B900CB5A1F /* Debug */,
				10357C9E2BE772B900CB5A1F /* Release */,
			);
			defaultConfigurationIsVisible = 0;
			defaultConfigurationName = Release;
		};
		10357C9F2BE772B900CB5A1F /* Build configuration list for PBXNativeTarget "What'sNewsUITests" */ = {
			isa = XCConfigurationList;
			buildConfigurations = (
				10357CA02BE772B900CB5A1F /* Debug */,
				10357CA12BE772B900CB5A1F /* Release */,
			);
			defaultConfigurationIsVisible = 0;
			defaultConfigurationName = Release;
		};
/* End XCConfigurationList section */
	};
	rootObject = 10357C6D2BE772B600CB5A1F /* Project object */;
}
